// !$*UTF8*$!
{
	archiveVersion = 1;
	classes = {
	};
	objectVersion = 77;
	objects = {

/* Begin PBXAggregateTarget section */
		AAE76CF62EF762A6005230EB /* KernelImage */ = {
			isa = PBXAggregateTarget;
			buildConfigurationList = AAE76CF72EF762A6005230EB /* Build configuration list for PBXAggregateTarget "KernelImage" */;
			buildPhases = (
				AAE76CFA2EF762C2005230EB /* ShellScript */,
			);
			dependencies = (
			);
			name = KernelImage;
			packageProductDependencies = (
			);
			productName = KernelImage;
		};
		AAE76CFE2EF7875A005230EB /* RunQemu */ = {
			isa = PBXAggregateTarget;
			buildConfigurationList = AAE76CFF2EF7875A005230EB /* Build configuration list for PBXAggregateTarget "RunQemu" */;
			buildPhases = (
				AAE76D022EF78768005230EB /* ShellScript */,
			);
			dependencies = (
				AAE76D042EF787C9005230EB /* PBXTargetDependency */,
			);
			name = RunQemu;
			packageProductDependencies = (
			);
			productName = RunQemu;
		};
/* End PBXAggregateTarget section */

/* Begin PBXContainerItemProxy section */
		AAE76D032EF787C9005230EB /* PBXContainerItemProxy */ = {
			isa = PBXContainerItemProxy;
			containerPortal = AA4605E92EF726B30018B236 /* Project object */;
			proxyType = 1;
			remoteGlobalIDString = AAE76CF62EF762A6005230EB;
			remoteInfo = KernelImage;
		};
/* End PBXContainerItemProxy section */

/* Begin PBXFileReference section */
		AAE12AED2F01CD6900870C5D /* build.sh */ = {isa = PBXFileReference; lastKnownFileType = text.script.sh; path = build.sh; sourceTree = "<group>"; };
		AAE12AF02F01CD9300870C5D /* boot.ld */ = {isa = PBXFileReference; lastKnownFileType = text; path = boot.ld; sourceTree = "<group>"; };
		AAE12AF12F01CD9300870C5D /* kernel.ld */ = {isa = PBXFileReference; lastKnownFileType = text; path = kernel.ld; sourceTree = "<group>"; };
		AAE76CE42EF75EDC005230EB /* start.S */ = {isa = PBXFileReference; lastKnownFileType = sourcecode.asm; path = start.S; sourceTree = "<group>"; };
		AAE76CEA2EF75F27005230EB /* uart_pl011.c */ = {isa = PBXFileReference; lastKnownFileType = sourcecode.c.c; path = uart_pl011.c; sourceTree = "<group>"; };
		AAE76CEB2EF75F2F005230EB /* uart_pl011.h */ = {isa = PBXFileReference; lastKnownFileType = sourcecode.c.h; path = uart_pl011.h; sourceTree = "<group>"; };
		AAE76CF52EF75FFC005230EB /* toolchain.env */ = {isa = PBXFileReference; explicitFileType = text.script; path = toolchain.env; sourceTree = "<group>"; };
		AAE76CFB2EF76AA9005230EB /* .swift-version */ = {isa = PBXFileReference; lastKnownFileType = sourcecode.swift; path = ".swift-version"; sourceTree = "<group>"; };
		AAE76CFD2EF7791E005230EB /* run-qemu.sh */ = {isa = PBXFileReference; lastKnownFileType = text.script.sh; path = "run-qemu.sh"; sourceTree = "<group>"; };
		AAE99A662F09C94000EAB13D /* .gitignore */ = {isa = PBXFileReference; lastKnownFileType = text; path = .gitignore; sourceTree = "<group>"; };
		AAE99A672F09C97D00EAB13D /* LICENSE */ = {isa = PBXFileReference; lastKnownFileType = text; path = LICENSE; sourceTree = "<group>"; };
		AAE99A682F09C97D00EAB13D /* README.md */ = {isa = PBXFileReference; lastKnownFileType = net.daringfireball.markdown; path = README.md; sourceTree = "<group>"; };
		AAE99A692F09E7BF00EAB13D /* boot_info.h */ = {isa = PBXFileReference; lastKnownFileType = sourcecode.c.h; path = boot_info.h; sourceTree = "<group>"; };
		AAE99A6A2F09E7BF00EAB13D /* dtb.h */ = {isa = PBXFileReference; lastKnownFileType = sourcecode.c.h; path = dtb.h; sourceTree = "<group>"; };
		AAE99A6B2F09E7BF00EAB13D /* dtb.c */ = {isa = PBXFileReference; lastKnownFileType = sourcecode.c.c; path = dtb.c; sourceTree = "<group>"; };
		AAE99A6C2F09E7BF00EAB13D /* kcrt0.c */ = {isa = PBXFileReference; lastKnownFileType = sourcecode.c.c; path = kcrt0.c; sourceTree = "<group>"; };
		AAE99A6D2F09E7BF00EAB13D /* kernel_header.S */ = {isa = PBXFileReference; lastKnownFileType = sourcecode.asm; path = kernel_header.S; sourceTree = "<group>"; };
		AAE99A6E2F09E7BF00EAB13D /* kernel_image.h */ = {isa = PBXFileReference; lastKnownFileType = sourcecode.c.h; path = kernel_image.h; sourceTree = "<group>"; };
		AAE99A6F2F09E7BF00EAB13D /* kernel_vectors.S */ = {isa = PBXFileReference; lastKnownFileType = sourcecode.asm; path = kernel_vectors.S; sourceTree = "<group>"; };
		AAE99A702F09E7BF00EAB13D /* kmain.c */ = {isa = PBXFileReference; lastKnownFileType = sourcecode.c.c; path = kmain.c; sourceTree = "<group>"; };
		AAE99A712F09E7BF00EAB13D /* mmu.h */ = {isa = PBXFileReference; lastKnownFileType = sourcecode.c.h; path = mmu.h; sourceTree = "<group>"; };
		AAE99A722F09E7BF00EAB13D /* mmu.c */ = {isa = PBXFileReference; lastKnownFileType = sourcecode.c.c; path = mmu.c; sourceTree = "<group>"; };
		AAE99A732F09E7BF00EAB13D /* platform.h */ = {isa = PBXFileReference; lastKnownFileType = sourcecode.c.h; path = platform.h; sourceTree = "<group>"; };
		AAE99A742F09E7BF00EAB13D /* platform.c */ = {isa = PBXFileReference; lastKnownFileType = sourcecode.c.c; path = platform.c; sourceTree = "<group>"; };
/* End PBXFileReference section */

/* Begin PBXGroup section */
		AA4605E82EF726B30018B236 = {
			isa = PBXGroup;
			children = (
				AAE76CFB2EF76AA9005230EB /* .swift-version */,
				AAE99A662F09C94000EAB13D /* .gitignore */,
				AAE99A672F09C97D00EAB13D /* LICENSE */,
				AAE99A682F09C97D00EAB13D /* README.md */,
				AAE12AF22F01CD9300870C5D /* Linker */,
				AAE76CE32EF75EC1005230EB /* Scripts */,
				AAE76CE02EF727C7005230EB /* Sources */,
			);
			sourceTree = "<group>";
		};
		AAE12AEF2F01CD7C00870C5D /* Kernel */ = {
			isa = PBXGroup;
			children = (
				AAE99A692F09E7BF00EAB13D /* boot_info.h */,
				AAE99A6A2F09E7BF00EAB13D /* dtb.h */,
				AAE99A6B2F09E7BF00EAB13D /* dtb.c */,
				AAE99A6C2F09E7BF00EAB13D /* kcrt0.c */,
				AAE99A6D2F09E7BF00EAB13D /* kernel_header.S */,
				AAE99A6E2F09E7BF00EAB13D /* kernel_image.h */,
				AAE99A6F2F09E7BF00EAB13D /* kernel_vectors.S */,
				AAE99A702F09E7BF00EAB13D /* kmain.c */,
				AAE99A712F09E7BF00EAB13D /* mmu.h */,
				AAE99A722F09E7BF00EAB13D /* mmu.c */,
				AAE99A732F09E7BF00EAB13D /* platform.h */,
				AAE99A742F09E7BF00EAB13D /* platform.c */,
			);
			path = Kernel;
			sourceTree = "<group>";
		};
		AAE12AF22F01CD9300870C5D /* Linker */ = {
			isa = PBXGroup;
			children = (
				AAE12AF02F01CD9300870C5D /* boot.ld */,
				AAE12AF12F01CD9300870C5D /* kernel.ld */,
			);
			path = Linker;
			sourceTree = "<group>";
		};
		AAE76CE02EF727C7005230EB /* Sources */ = {
			isa = PBXGroup;
			children = (
				AAE12AEF2F01CD7C00870C5D /* Kernel */,
				AAE76CE92EF75F16005230EB /* HAL */,
				AAE76CE52EF75EE8005230EB /* Arch */,
			);
			path = Sources;
			sourceTree = "<group>";
		};
		AAE76CE32EF75EC1005230EB /* Scripts */ = {
			isa = PBXGroup;
			children = (
				AAE76CF52EF75FFC005230EB /* toolchain.env */,
				AAE12AED2F01CD6900870C5D /* build.sh */,
				AAE76CFD2EF7791E005230EB /* run-qemu.sh */,
			);
			path = Scripts;
			sourceTree = "<group>";
		};
		AAE76CE52EF75EE8005230EB /* Arch */ = {
			isa = PBXGroup;
			children = (
				AAE76CE62EF75EEE005230EB /* aarch64 */,
			);
			path = Arch;
			sourceTree = "<group>";
		};
		AAE76CE62EF75EEE005230EB /* aarch64 */ = {
			isa = PBXGroup;
			children = (
				AAE76CE42EF75EDC005230EB /* start.S */,
			);
			path = aarch64;
			sourceTree = "<group>";
		};
		AAE76CE92EF75F16005230EB /* HAL */ = {
			isa = PBXGroup;
			children = (
				AAE76CEB2EF75F2F005230EB /* uart_pl011.h */,
				AAE76CEA2EF75F27005230EB /* uart_pl011.c */,
			);
			path = HAL;
			sourceTree = "<group>";
		};
/* End PBXGroup section */

/* Begin PBXProject section */
		AA4605E92EF726B30018B236 /* Project object */ = {
			isa = PBXProject;
			attributes = {
				BuildIndependentTargetsInParallel = 1;
				LastUpgradeCheck = 2620;
				TargetAttributes = {
					AAE76CF62EF762A6005230EB = {
						CreatedOnToolsVersion = 26.2;
					};
					AAE76CFE2EF7875A005230EB = {
						CreatedOnToolsVersion = 26.2;
					};
				};
			};
			buildConfigurationList = AA4605EC2EF726B30018B236 /* Build configuration list for PBXProject "Capaz" */;
			developmentRegion = en;
			hasScannedForEncodings = 0;
			knownRegions = (
				en,
				Base,
			);
			mainGroup = AA4605E82EF726B30018B236;
			minimizedProjectReferenceProxies = 1;
			preferredProjectObjectVersion = 77;
			projectDirPath = "";
			projectRoot = "";
			targets = (
				AAE76CF62EF762A6005230EB /* KernelImage */,
				AAE76CFE2EF7875A005230EB /* RunQemu */,
			);
		};
/* End PBXProject section */

/* Begin PBXShellScriptBuildPhase section */
		AAE76CFA2EF762C2005230EB /* ShellScript */ = {
			isa = PBXShellScriptBuildPhase;
			buildActionMask = 2147483647;
			files = (
			);
			inputFileListPaths = (
			);
			inputPaths = (
			);
			outputFileListPaths = (
			);
			outputPaths = (
			);
			runOnlyForDeploymentPostprocessing = 0;
			shellPath = /bin/sh;
			shellScript = "# Type a script or drag a script file from your workspace to insert its path.\nset -e\n\"${SRCROOT}/Scripts/build.sh\"\n";
		};
		AAE76D022EF78768005230EB /* ShellScript */ = {
			isa = PBXShellScriptBuildPhase;
			buildActionMask = 2147483647;
			files = (
			);
			inputFileListPaths = (
			);
			inputPaths = (
			);
			outputFileListPaths = (
			);
			outputPaths = (
			);
			runOnlyForDeploymentPostprocessing = 0;
			shellPath = /bin/sh;
			shellScript = "/usr/bin/env bash\nset -e\n\"${SRCROOT}/Scripts/run-qemu.sh\"\n";
		};
/* End PBXShellScriptBuildPhase section */

/* Begin PBXTargetDependency section */
		AAE76D042EF787C9005230EB /* PBXTargetDependency */ = {
			isa = PBXTargetDependency;
			target = AAE76CF62EF762A6005230EB /* KernelImage */;
			targetProxy = AAE76D032EF787C9005230EB /* PBXContainerItemProxy */;
		};
/* End PBXTargetDependency section */

/* Begin XCBuildConfiguration section */
		AA4605EE2EF726B30018B236 /* Debug */ = {
			isa = XCBuildConfiguration;
			buildSettings = {
				ALWAYS_SEARCH_USER_PATHS = NO;
				ASSETCATALOG_COMPILER_GENERATE_SWIFT_ASSET_SYMBOL_EXTENSIONS = YES;
				CLANG_ANALYZER_NONNULL = YES;
				CLANG_ANALYZER_NUMBER_OBJECT_CONVERSION = YES_AGGRESSIVE;
				CLANG_CXX_LANGUAGE_STANDARD = "gnu++20";
				CLANG_ENABLE_MODULES = YES;
				CLANG_ENABLE_OBJC_ARC = YES;
				CLANG_ENABLE_OBJC_WEAK = YES;
				CLANG_WARN_BLOCK_CAPTURE_AUTORELEASING = YES;
				CLANG_WARN_BOOL_CONVERSION = YES;
				CLANG_WARN_COMMA = YES;
				CLANG_WARN_CONSTANT_CONVERSION = YES;
				CLANG_WARN_DEPRECATED_OBJC_IMPLEMENTATIONS = YES;
				CLANG_WARN_DIRECT_OBJC_ISA_USAGE = YES_ERROR;
				CLANG_WARN_DOCUMENTATION_COMMENTS = YES;
				CLANG_WARN_EMPTY_BODY = YES;
				CLANG_WARN_ENUM_CONVERSION = YES;
				CLANG_WARN_INFINITE_RECURSION = YES;
				CLANG_WARN_INT_CONVERSION = YES;
				CLANG_WARN_NON_LITERAL_NULL_CONVERSION = YES;
				CLANG_WARN_OBJC_IMPLICIT_RETAIN_SELF = YES;
				CLANG_WARN_OBJC_LITERAL_CONVERSION = YES;
				CLANG_WARN_OBJC_ROOT_CLASS = YES_ERROR;
				CLANG_WARN_QUOTED_INCLUDE_IN_FRAMEWORK_HEADER = YES;
				CLANG_WARN_RANGE_LOOP_ANALYSIS = YES;
				CLANG_WARN_STRICT_PROTOTYPES = YES;
				CLANG_WARN_SUSPICIOUS_MOVE = YES;
				CLANG_WARN_UNGUARDED_AVAILABILITY = YES_AGGRESSIVE;
				CLANG_WARN_UNREACHABLE_CODE = YES;
				CLANG_WARN__DUPLICATE_METHOD_MATCH = YES;
				CODE_SIGN_IDENTITY = "";
				CODE_SIGN_INJECT_BASE_ENTITLEMENTS = NO;
				CODE_SIGN_STYLE = Manual;
				COPY_PHASE_STRIP = NO;
				DEAD_CODE_STRIPPING = YES;
				DEBUG_INFORMATION_FORMAT = dwarf;
				DEVELOPMENT_TEAM = 65FTD79W4E;
				ENABLE_STRICT_OBJC_MSGSEND = YES;
				ENABLE_TESTABILITY = YES;
				ENABLE_USER_SCRIPT_SANDBOXING = YES;
				GCC_C_LANGUAGE_STANDARD = gnu17;
				GCC_DYNAMIC_NO_PIC = NO;
				GCC_NO_COMMON_BLOCKS = YES;
				GCC_OPTIMIZATION_LEVEL = 0;
				GCC_PREPROCESSOR_DEFINITIONS = (
					"DEBUG=1",
					"$(inherited)",
				);
				GCC_WARN_64_TO_32_BIT_CONVERSION = YES;
				GCC_WARN_ABOUT_RETURN_TYPE = YES_ERROR;
				GCC_WARN_UNDECLARED_SELECTOR = YES;
				GCC_WARN_UNINITIALIZED_AUTOS = YES_AGGRESSIVE;
				GCC_WARN_UNUSED_FUNCTION = YES;
				GCC_WARN_UNUSED_VARIABLE = YES;
				LOCALIZATION_PREFERS_STRING_CATALOGS = YES;
				MACOSX_DEPLOYMENT_TARGET = 26.0;
				MTL_ENABLE_DEBUG_INFO = INCLUDE_SOURCE;
				MTL_FAST_MATH = YES;
				ONLY_ACTIVE_ARCH = YES;
				STRING_CATALOG_GENERATE_SYMBOLS = YES;
			};
			name = Debug;
		};
		AA4605EF2EF726B30018B236 /* Release */ = {
			isa = XCBuildConfiguration;
			buildSettings = {
				ALWAYS_SEARCH_USER_PATHS = NO;
				ASSETCATALOG_COMPILER_GENERATE_SWIFT_ASSET_SYMBOL_EXTENSIONS = YES;
				CLANG_ANALYZER_NONNULL = YES;
				CLANG_ANALYZER_NUMBER_OBJECT_CONVERSION = YES_AGGRESSIVE;
				CLANG_CXX_LANGUAGE_STANDARD = "gnu++20";
				CLANG_ENABLE_MODULES = YES;
				CLANG_ENABLE_OBJC_ARC = YES;
				CLANG_ENABLE_OBJC_WEAK = YES;
				CLANG_WARN_BLOCK_CAPTURE_AUTORELEASING = YES;
				CLANG_WARN_BOOL_CONVERSION = YES;
				CLANG_WARN_COMMA = YES;
				CLANG_WARN_CONSTANT_CONVERSION = YES;
				CLANG_WARN_DEPRECATED_OBJC_IMPLEMENTATIONS = YES;
				CLANG_WARN_DIRECT_OBJC_ISA_USAGE = YES_ERROR;
				CLANG_WARN_DOCUMENTATION_COMMENTS = YES;
				CLANG_WARN_EMPTY_BODY = YES;
				CLANG_WARN_ENUM_CONVERSION = YES;
				CLANG_WARN_INFINITE_RECURSION = YES;
				CLANG_WARN_INT_CONVERSION = YES;
				CLANG_WARN_NON_LITERAL_NULL_CONVERSION = YES;
				CLANG_WARN_OBJC_IMPLICIT_RETAIN_SELF = YES;
				CLANG_WARN_OBJC_LITERAL_CONVERSION = YES;
				CLANG_WARN_OBJC_ROOT_CLASS = YES_ERROR;
				CLANG_WARN_QUOTED_INCLUDE_IN_FRAMEWORK_HEADER = YES;
				CLANG_WARN_RANGE_LOOP_ANALYSIS = YES;
				CLANG_WARN_STRICT_PROTOTYPES = YES;
				CLANG_WARN_SUSPICIOUS_MOVE = YES;
				CLANG_WARN_UNGUARDED_AVAILABILITY = YES_AGGRESSIVE;
				CLANG_WARN_UNREACHABLE_CODE = YES;
				CLANG_WARN__DUPLICATE_METHOD_MATCH = YES;
				CODE_SIGN_IDENTITY = "";
				CODE_SIGN_INJECT_BASE_ENTITLEMENTS = NO;
				CODE_SIGN_STYLE = Manual;
				COPY_PHASE_STRIP = NO;
				DEAD_CODE_STRIPPING = YES;
				DEBUG_INFORMATION_FORMAT = "dwarf-with-dsym";
				DEVELOPMENT_TEAM = 65FTD79W4E;
				ENABLE_NS_ASSERTIONS = NO;
				ENABLE_STRICT_OBJC_MSGSEND = YES;
				ENABLE_USER_SCRIPT_SANDBOXING = YES;
				GCC_C_LANGUAGE_STANDARD = gnu17;
				GCC_NO_COMMON_BLOCKS = YES;
				GCC_WARN_64_TO_32_BIT_CONVERSION = YES;
				GCC_WARN_ABOUT_RETURN_TYPE = YES_ERROR;
				GCC_WARN_UNDECLARED_SELECTOR = YES;
				GCC_WARN_UNINITIALIZED_AUTOS = YES_AGGRESSIVE;
				GCC_WARN_UNUSED_FUNCTION = YES;
				GCC_WARN_UNUSED_VARIABLE = YES;
				LOCALIZATION_PREFERS_STRING_CATALOGS = YES;
				MACOSX_DEPLOYMENT_TARGET = 26.0;
				MTL_ENABLE_DEBUG_INFO = NO;
				MTL_FAST_MATH = YES;
				STRING_CATALOG_GENERATE_SYMBOLS = YES;
			};
			name = Release;
		};
		AAE76CF82EF762A6005230EB /* Debug */ = {
			isa = XCBuildConfiguration;
			buildSettings = {
				CODE_SIGN_STYLE = Automatic;
				DEAD_CODE_STRIPPING = YES;
				ENABLE_USER_SCRIPT_SANDBOXING = NO;
				PRODUCT_NAME = "$(TARGET_NAME)";
			};
			name = Debug;
		};
		AAE76CF92EF762A6005230EB /* Release */ = {
			isa = XCBuildConfiguration;
			buildSettings = {
				CODE_SIGN_STYLE = Automatic;
				DEAD_CODE_STRIPPING = YES;
				ENABLE_USER_SCRIPT_SANDBOXING = NO;
				PRODUCT_NAME = "$(TARGET_NAME)";
			};
			name = Release;
		};
		AAE76D002EF7875A005230EB /* Debug */ = {
			isa = XCBuildConfiguration;
			buildSettings = {
				CODE_SIGN_STYLE = Automatic;
				DEVELOPMENT_TEAM = 65FTD79W4E;
				ENABLE_USER_SCRIPT_SANDBOXING = NO;
				PRODUCT_NAME = "$(TARGET_NAME)";
			};
			name = Debug;
		};
		AAE76D012EF7875A005230EB /* Release */ = {
			isa = XCBuildConfiguration;
			buildSettings = {
				CODE_SIGN_STYLE = Automatic;
				DEVELOPMENT_TEAM = 65FTD79W4E;
				ENABLE_USER_SCRIPT_SANDBOXING = NO;
				PRODUCT_NAME = "$(TARGET_NAME)";
			};
			name = Release;
		};
/* End XCBuildConfiguration section */

/* Begin XCConfigurationList section */
		AA4605EC2EF726B30018B236 /* Build configuration list for PBXProject "Capaz" */ = {
			isa = XCConfigurationList;
			buildConfigurations = (
				AA4605EE2EF726B30018B236 /* Debug */,
				AA4605EF2EF726B30018B236 /* Release */,
			);
			defaultConfigurationIsVisible = 0;
			defaultConfigurationName = Release;
		};
		AAE76CF72EF762A6005230EB /* Build configuration list for PBXAggregateTarget "KernelImage" */ = {
			isa = XCConfigurationList;
			buildConfigurations = (
				AAE76CF82EF762A6005230EB /* Debug */,
				AAE76CF92EF762A6005230EB /* Release */,
			);
			defaultConfigurationIsVisible = 0;
			defaultConfigurationName = Release;
		};
		AAE76CFF2EF7875A005230EB /* Build configuration list for PBXAggregateTarget "RunQemu" */ = {
			isa = XCConfigurationList;
			buildConfigurations = (
				AAE76D002EF7875A005230EB /* Debug */,
				AAE76D012EF7875A005230EB /* Release */,
			);
			defaultConfigurationIsVisible = 0;
			defaultConfigurationName = Release;
		};
/* End XCConfigurationList section */
	};
	rootObject = AA4605E92EF726B30018B236 /* Project object */;
}
